
Microsoft Visual Studio Solution File, Format Version 12.00
# Visual Studio Version 17
VisualStudioVersion = 17.4.33213.308
MinimumVisualStudioVersion = 10.0.40219.1
Project("{FAE04EC0-301F-11D3-BF4B-00C04F79EFBC}") = "iBarberShop", "iBarberShop\iBarberShop.csproj", "{30D5363B-EF30-4CAC-8CB6-18A98EF96BD8}"
EndProject
Global
	GlobalSection(SolutionConfigurationPlatforms) = preSolution
		Debug|Any CPU = Debug|Any CPU
		Release|Any CPU = Release|Any CPU
	EndGlobalSection
	GlobalSection(ProjectConfigurationPlatforms) = postSolution
		{30D5363B-EF30-4CAC-8CB6-18A98EF96BD8}.Debug|Any CPU.ActiveCfg = Debug|Any CPU
		{30D5363B-EF30-4CAC-8CB6-18A98EF96BD8}.Debug|Any CPU.Build.0 = Debug|Any CPU
		{30D5363B-EF30-4CAC-8CB6-18A98EF96BD8}.Release|Any CPU.ActiveCfg = Release|Any CPU
		{30D5363B-EF30-4CAC-8CB6-18A98EF96BD8}.Release|Any CPU.Build.0 = Release|Any CPU
	EndGlobalSection
	GlobalSection(SolutionProperties) = preSolution
		HideSolutionNode = FALSE
	EndGlobalSection
	GlobalSection(ExtensibilityGlobals) = postSolution
		SolutionGuid = {2DDE7F36-16B7-4E93-AB0F-F2D3CF335D70}
	EndGlobalSection
EndGlobal
